
Microsoft Visual Studio Solution File, Format Version 12.00
# Visual Studio Version 17
VisualStudioVersion = 17.10.35122.118
MinimumVisualStudioVersion = 10.0.40219.1
Project("{FAE04EC0-301F-11D3-BF4B-00C04F79EFBC}") = "desafio-pratico-fundamentos-de-csharp", "desafio-pratico-fundamentos-de-csharp.csproj", "{763B93AD-70BE-4D18-B8C6-3D4DF5BDB352}"
EndProject
Global
	GlobalSection(SolutionConfigurationPlatforms) = preSolution
		Debug|Any CPU = Debug|Any CPU
		Release|Any CPU = Release|Any CPU
	EndGlobalSection
	GlobalSection(ProjectConfigurationPlatforms) = postSolution
		{763B93AD-70BE-4D18-B8C6-3D4DF5BDB352}.Debug|Any CPU.ActiveCfg = Debug|Any CPU
		{763B93AD-70BE-4D18-B8C6-3D4DF5BDB352}.Debug|Any CPU.Build.0 = Debug|Any CPU
		{763B93AD-70BE-4D18-B8C6-3D4DF5BDB352}.Release|Any CPU.ActiveCfg = Release|Any CPU
		{763B93AD-70BE-4D18-B8C6-3D4DF5BDB352}.Release|Any CPU.Build.0 = Release|Any CPU
	EndGlobalSection
	GlobalSection(SolutionProperties) = preSolution
		HideSolutionNode = FALSE
	EndGlobalSection
	GlobalSection(ExtensibilityGlobals) = postSolution
		SolutionGuid = {A0EDFF4A-ECB5-4200-8411-53A83AB04A21}
	EndGlobalSection
EndGlobal
